
Microsoft Visual Studio Solution File, Format Version 12.00
# Visual Studio 15
VisualStudioVersion = 15.0.27004.2005
MinimumVisualStudioVersion = 10.0.40219.1
Project("{FAE04EC0-301F-11D3-BF4B-00C04F79EFBC}") = "TicTacToe", "TicTacToe\TicTacToe.csproj", "{C3C3A215-FD0F-4142-81E6-3F9500F1F36D}"
EndProject
Project("{FAE04EC0-301F-11D3-BF4B-00C04F79EFBC}") = "GameServer", "GameServer\GameServer.csproj", "{58C265A8-3E83-4B48-91B1-75C72127E93F}"
EndProject
Global
	GlobalSection(SolutionConfigurationPlatforms) = preSolution
		Debug|Any CPU = Debug|Any CPU
		Release|Any CPU = Release|Any CPU
	EndGlobalSection
	GlobalSection(ProjectConfigurationPlatforms) = postSolution
		{C3C3A215-FD0F-4142-81E6-3F9500F1F36D}.Debug|Any CPU.ActiveCfg = Debug|Any CPU
		{C3C3A215-FD0F-4142-81E6-3F9500F1F36D}.Debug|Any CPU.Build.0 = Debug|Any CPU
		{C3C3A215-FD0F-4142-81E6-3F9500F1F36D}.Release|Any CPU.ActiveCfg = Release|Any CPU
		{C3C3A215-FD0F-4142-81E6-3F9500F1F36D}.Release|Any CPU.Build.0 = Release|Any CPU
		{58C265A8-3E83-4B48-91B1-75C72127E93F}.Debug|Any CPU.ActiveCfg = Debug|Any CPU
		{58C265A8-3E83-4B48-91B1-75C72127E93F}.Debug|Any CPU.Build.0 = Debug|Any CPU
		{58C265A8-3E83-4B48-91B1-75C72127E93F}.Release|Any CPU.ActiveCfg = Release|Any CPU
		{58C265A8-3E83-4B48-91B1-75C72127E93F}.Release|Any CPU.Build.0 = Release|Any CPU
	EndGlobalSection
	GlobalSection(SolutionProperties) = preSolution
		HideSolutionNode = FALSE
	EndGlobalSection
	GlobalSection(ExtensibilityGlobals) = postSolution
		SolutionGuid = {10ECB6F9-33ED-49F1-BF91-485D5A9FDFDD}
	EndGlobalSection
EndGlobal
